
Microsoft Visual Studio Solution File, Format Version 12.00
# Visual Studio Version 17
VisualStudioVersion = 17.11.35312.102
MinimumVisualStudioVersion = 10.0.40219.1
Project("{FAE04EC0-301F-11D3-BF4B-00C04F79EFBC}") = "StorageDLHI.App", "StorageDLHI.App\StorageDLHI.App.csproj", "{D7F074D1-A288-404F-AA79-934454555187}"
EndProject
Project("{FAE04EC0-301F-11D3-BF4B-00C04F79EFBC}") = "StorageDLHI.DAL", "StorageDLHI.DAL\StorageDLHI.DAL.csproj", "{6FC28D64-A8DF-46E2-A1EB-BFE0AAE9B85A}"
EndProject
Project("{FAE04EC0-301F-11D3-BF4B-00C04F79EFBC}") = "StorageDLHI.BLL", "StorageDLHI.BLL\StorageDLHI.BLL.csproj", "{CC2FC004-401C-4BAE-AB40-5408A8BDE75E}"
EndProject
Global
	GlobalSection(SolutionConfigurationPlatforms) = preSolution
		Debug|Any CPU = Debug|Any CPU
		Release|Any CPU = Release|Any CPU
	EndGlobalSection
	GlobalSection(ProjectConfigurationPlatforms) = postSolution
		{D7F074D1-A288-404F-AA79-934454555187}.Debug|Any CPU.ActiveCfg = Debug|Any CPU
		{D7F074D1-A288-404F-AA79-934454555187}.Debug|Any CPU.Build.0 = Debug|Any CPU
		{D7F074D1-A288-404F-AA79-934454555187}.Release|Any CPU.ActiveCfg = Release|Any CPU
		{D7F074D1-A288-404F-AA79-934454555187}.Release|Any CPU.Build.0 = Release|Any CPU
		{6FC28D64-A8DF-46E2-A1EB-BFE0AAE9B85A}.Debug|Any CPU.ActiveCfg = Debug|Any CPU
		{6FC28D64-A8DF-46E2-A1EB-BFE0AAE9B85A}.Debug|Any CPU.Build.0 = Debug|Any CPU
		{6FC28D64-A8DF-46E2-A1EB-BFE0AAE9B85A}.Release|Any CPU.ActiveCfg = Release|Any CPU
		{6FC28D64-A8DF-46E2-A1EB-BFE0AAE9B85A}.Release|Any CPU.Build.0 = Release|Any CPU
		{CC2FC004-401C-4BAE-AB40-5408A8BDE75E}.Debug|Any CPU.ActiveCfg = Debug|Any CPU
		{CC2FC004-401C-4BAE-AB40-5408A8BDE75E}.Debug|Any CPU.Build.0 = Debug|Any CPU
		{CC2FC004-401C-4BAE-AB40-5408A8BDE75E}.Release|Any CPU.ActiveCfg = Release|Any CPU
		{CC2FC004-401C-4BAE-AB40-5408A8BDE75E}.Release|Any CPU.Build.0 = Release|Any CPU
	EndGlobalSection
	GlobalSection(SolutionProperties) = preSolution
		HideSolutionNode = FALSE
	EndGlobalSection
	GlobalSection(ExtensibilityGlobals) = postSolution
		SolutionGuid = {1A9B7E45-DB87-490A-B82F-C16CE6B14D9B}
	EndGlobalSection
EndGlobal
